
Microsoft Visual Studio Solution File, Format Version 12.00
# Visual Studio Version 16
VisualStudioVersion = 16.0.31727.386
MinimumVisualStudioVersion = 10.0.40219.1
Project("{FAE04EC0-301F-11D3-BF4B-00C04F79EFBC}") = "Pavel_Andrei_Lab5", "Pavel_Andrei_Lab5.csproj", "{24E2B2A0-F526-4107-A184-4E31929DB6BE}"
EndProject
Global
	GlobalSection(SolutionConfigurationPlatforms) = preSolution
		Debug|Any CPU = Debug|Any CPU
		Release|Any CPU = Release|Any CPU
	EndGlobalSection
	GlobalSection(ProjectConfigurationPlatforms) = postSolution
		{24E2B2A0-F526-4107-A184-4E31929DB6BE}.Debug|Any CPU.ActiveCfg = Debug|Any CPU
		{24E2B2A0-F526-4107-A184-4E31929DB6BE}.Debug|Any CPU.Build.0 = Debug|Any CPU
		{24E2B2A0-F526-4107-A184-4E31929DB6BE}.Release|Any CPU.ActiveCfg = Release|Any CPU
		{24E2B2A0-F526-4107-A184-4E31929DB6BE}.Release|Any CPU.Build.0 = Release|Any CPU
	EndGlobalSection
	GlobalSection(SolutionProperties) = preSolution
		HideSolutionNode = FALSE
	EndGlobalSection
	GlobalSection(ExtensibilityGlobals) = postSolution
		SolutionGuid = {E9CE02A5-7A08-47F6-9CD6-F9A98C6BD577}
	EndGlobalSection
EndGlobal
